
Microsoft Visual Studio Solution File, Format Version 12.00
# Visual Studio 15
VisualStudioVersion = 15.0.26923.0
MinimumVisualStudioVersion = 10.0.40219.1
Project("{FAE04EC0-301F-11D3-BF4B-00C04F79EFBC}") = "MDCCoreLib", "MDCCoreLib\MDCCoreLib.csproj", "{896BFC6D-C42F-4364-AD2C-BB9EFDCBE071}"
EndProject
Project("{FAE04EC0-301F-11D3-BF4B-00C04F79EFBC}") = "MDCWebCoreApp", "MDCWebCoreApp\MDCWebCoreApp.csproj", "{35D7C8CB-AB93-43D7-B8C2-4F6101D4284A}"
EndProject
Project("{FAE04EC0-301F-11D3-BF4B-00C04F79EFBC}") = "MDCCoreMVC", "MDCCoreMVC\MDCCoreMVC.csproj", "{426CA6A1-3482-49E6-85CF-59C7F11170D6}"
EndProject
Project("{E53339B2-1760-4266-BCC7-CA923CBCF16C}") = "docker-compose", "docker-compose.dcproj", "{9E264ECC-58DB-4108-AA0E-23F13E96C2DD}"
EndProject
Project("{2150E333-8FDC-42A3-9474-1A3956D46DE8}") = "SlideDeck", "SlideDeck", "{B1B01BBA-8E1A-4E3A-B7E3-C80608D11F3B}"
	ProjectSection(SolutionItems) = preProject
		MDC17-NET Core 2.pdf = MDC17-NET Core 2.pdf
	EndProjectSection
EndProject
Global
	GlobalSection(SolutionConfigurationPlatforms) = preSolution
		Debug|Any CPU = Debug|Any CPU
		Release|Any CPU = Release|Any CPU
	EndGlobalSection
	GlobalSection(ProjectConfigurationPlatforms) = postSolution
		{896BFC6D-C42F-4364-AD2C-BB9EFDCBE071}.Debug|Any CPU.ActiveCfg = Debug|Any CPU
		{896BFC6D-C42F-4364-AD2C-BB9EFDCBE071}.Debug|Any CPU.Build.0 = Debug|Any CPU
		{896BFC6D-C42F-4364-AD2C-BB9EFDCBE071}.Release|Any CPU.ActiveCfg = Release|Any CPU
		{896BFC6D-C42F-4364-AD2C-BB9EFDCBE071}.Release|Any CPU.Build.0 = Release|Any CPU
		{35D7C8CB-AB93-43D7-B8C2-4F6101D4284A}.Debug|Any CPU.ActiveCfg = Debug|Any CPU
		{35D7C8CB-AB93-43D7-B8C2-4F6101D4284A}.Debug|Any CPU.Build.0 = Debug|Any CPU
		{35D7C8CB-AB93-43D7-B8C2-4F6101D4284A}.Release|Any CPU.ActiveCfg = Release|Any CPU
		{35D7C8CB-AB93-43D7-B8C2-4F6101D4284A}.Release|Any CPU.Build.0 = Release|Any CPU
		{426CA6A1-3482-49E6-85CF-59C7F11170D6}.Debug|Any CPU.ActiveCfg = Debug|Any CPU
		{426CA6A1-3482-49E6-85CF-59C7F11170D6}.Debug|Any CPU.Build.0 = Debug|Any CPU
		{426CA6A1-3482-49E6-85CF-59C7F11170D6}.Release|Any CPU.ActiveCfg = Release|Any CPU
		{426CA6A1-3482-49E6-85CF-59C7F11170D6}.Release|Any CPU.Build.0 = Release|Any CPU
		{9E264ECC-58DB-4108-AA0E-23F13E96C2DD}.Debug|Any CPU.ActiveCfg = Debug|Any CPU
		{9E264ECC-58DB-4108-AA0E-23F13E96C2DD}.Debug|Any CPU.Build.0 = Debug|Any CPU
		{9E264ECC-58DB-4108-AA0E-23F13E96C2DD}.Release|Any CPU.ActiveCfg = Release|Any CPU
		{9E264ECC-58DB-4108-AA0E-23F13E96C2DD}.Release|Any CPU.Build.0 = Release|Any CPU
	EndGlobalSection
	GlobalSection(SolutionProperties) = preSolution
		HideSolutionNode = FALSE
	EndGlobalSection
	GlobalSection(ExtensibilityGlobals) = postSolution
		SolutionGuid = {002507A0-F3E3-4A69-B17E-96B096B7D84A}
	EndGlobalSection
EndGlobal
